
Microsoft Visual Studio Solution File, Format Version 12.00
# Visual Studio Version 17
VisualStudioVersion = 17.5.33414.496
MinimumVisualStudioVersion = 10.0.40219.1
Project("{FAE04EC0-301F-11D3-BF4B-00C04F79EFBC}") = "Programa5Condiciones", "Programa5Condiciones\Programa5Condiciones.csproj", "{06416CF4-62C0-408E-AF85-57E2CCE92587}"
EndProject
Global
	GlobalSection(SolutionConfigurationPlatforms) = preSolution
		Debug|Any CPU = Debug|Any CPU
		Release|Any CPU = Release|Any CPU
	EndGlobalSection
	GlobalSection(ProjectConfigurationPlatforms) = postSolution
		{06416CF4-62C0-408E-AF85-57E2CCE92587}.Debug|Any CPU.ActiveCfg = Debug|Any CPU
		{06416CF4-62C0-408E-AF85-57E2CCE92587}.Debug|Any CPU.Build.0 = Debug|Any CPU
		{06416CF4-62C0-408E-AF85-57E2CCE92587}.Release|Any CPU.ActiveCfg = Release|Any CPU
		{06416CF4-62C0-408E-AF85-57E2CCE92587}.Release|Any CPU.Build.0 = Release|Any CPU
	EndGlobalSection
	GlobalSection(SolutionProperties) = preSolution
		HideSolutionNode = FALSE
	EndGlobalSection
	GlobalSection(ExtensibilityGlobals) = postSolution
		SolutionGuid = {AF3C118C-A54F-4EFD-8374-F5E8949EE400}
	EndGlobalSection
EndGlobal
